#MicroXplorer Configuration settings - do not modify
Mcu.Family=STM32F1
SH.GPXTI1.0=GPIO_EXTI1
ProjectManager.MainLocation=Core/Src
ProjectManager.ProjectFileName=ngat_ngoai.ioc
ProjectManager.KeepUserCode=true
Mcu.UserName=STM32F103RCTx
Mcu.PinsNb=7
ProjectManager.NoMain=false
RCC.PLLCLKFreq_Value=8000000
PC13-TAMPER-RTC.GPIOParameters=GPIO_PuPd,GPIO_ModeDefaultEXTI
ProjectManager.functionlistsort=1-MX_GPIO_Init-GPIO-false-HAL-true,2-SystemClock_Config-RCC-false-HAL-false
PC13-TAMPER-RTC.Signal=GPXTI13
ProjectManager.DefaultFWLocation=true
PD2.Locked=true
ProjectManager.DeletePrevious=true
PC1.Locked=true
PinOutPanel.RotationAngle=0
RCC.FamilyName=M
ProjectManager.StackSize=0x400
SH.GPXTI13.0=GPIO_EXTI13
PA13.Signal=SYS_JTMS-SWDIO
Mcu.IP2=SYS
NVIC.SVCall_IRQn=true\:0\:0\:false\:false\:true\:false\:false
Mcu.IP0=NVIC
NVIC.EXTI1_IRQn=true\:0\:0\:false\:false\:true\:true\:true
Mcu.IP1=RCC
Mcu.UserConstants=
ProjectManager.TargetToolchain=STM32CubeIDE
PC1.GPIOParameters=GPIO_PuPd,GPIO_ModeDefaultEXTI
SH.GPXTI13.ConfNb=1
Mcu.ThirdPartyNb=0
Mcu.IPNb=3
ProjectManager.PreviousToolchain=
Mcu.Pin6=VP_SYS_VS_Systick
ProjectManager.RegisterCallBack=
PC13-TAMPER-RTC.Locked=true
Mcu.Pin0=PC13-TAMPER-RTC
Mcu.Pin1=PC1
GPIO.groupedBy=Group By Peripherals
Mcu.Pin2=PA8
Mcu.Pin3=PA13
Mcu.Pin4=PA14
NVIC.EXTI15_10_IRQn=true\:0\:0\:false\:false\:true\:true\:true
Mcu.Pin5=PD2
ProjectManager.ProjectBuild=false
NVIC.UsageFault_IRQn=true\:0\:0\:false\:false\:true\:false\:false
NVIC.DebugMonitor_IRQn=true\:0\:0\:false\:false\:true\:false\:false
PA8.Locked=true
board=custom
PC13-TAMPER-RTC.GPIO_ModeDefaultEXTI=GPIO_MODE_IT_FALLING
PC1.GPIO_PuPd=GPIO_PULLUP
NVIC.SysTick_IRQn=true\:0\:0\:false\:false\:true\:false\:true
ProjectManager.LastFirmware=true
ProjectManager.FirmwarePackage=STM32Cube FW_F1 V1.8.4
MxDb.Version=DB.6.0.21
RCC.APB2Freq_Value=8000000
ProjectManager.BackupPrevious=false
MxCube.Version=6.2.1
PA14.Mode=Serial_Wire
File.Version=6
VP_SYS_VS_Systick.Mode=SysTick
PA8.Signal=GPIO_Output
NVIC.NonMaskableInt_IRQn=true\:0\:0\:false\:false\:true\:false\:false
NVIC.PendSV_IRQn=true\:0\:0\:false\:false\:true\:false\:false
PA13.Mode=Serial_Wire
ProjectManager.FreePins=false
RCC.IPParameters=APB1Freq_Value,APB2Freq_Value,FamilyName,PLLCLKFreq_Value,PLLMCOFreq_Value,TimSysFreq_Value
ProjectManager.AskForMigrate=true
Mcu.Name=STM32F103R(C-D-E)Tx
ProjectManager.HalAssertFull=false
ProjectManager.ProjectName=ngat_ngoai
ProjectManager.UnderRoot=true
RCC.PLLMCOFreq_Value=4000000
ProjectManager.CoupleFile=false
Mcu.Package=LQFP64
RCC.TimSysFreq_Value=8000000
NVIC.ForceEnableDMAVector=true
KeepUserPlacement=false
NVIC.MemoryManagement_IRQn=true\:0\:0\:false\:false\:true\:false\:false
PC13-TAMPER-RTC.GPIO_PuPd=GPIO_PULLUP
ProjectManager.CompilerOptimize=6
ProjectManager.ToolChainLocation=
VP_SYS_VS_Systick.Signal=SYS_VS_Systick
PA14.Signal=SYS_JTCK-SWCLK
ProjectManager.HeapSize=0x200
NVIC.HardFault_IRQn=true\:0\:0\:false\:false\:true\:false\:false
ProjectManager.ComputerToolchain=false
NVIC.PriorityGroup=NVIC_PRIORITYGROUP_4
PC1.GPIO_ModeDefaultEXTI=GPIO_MODE_IT_FALLING
NVIC.BusFault_IRQn=true\:0\:0\:false\:false\:true\:false\:false
SH.GPXTI1.ConfNb=1
PD2.Signal=GPIO_Output
RCC.APB1Freq_Value=8000000
ProjectManager.CustomerFirmwarePackage=
ProjectManager.DeviceId=STM32F103RCTx
PC1.Signal=GPXTI1
ProjectManager.LibraryCopy=1
isbadioc=false
